
Microsoft Visual Studio Solution File, Format Version 12.00
# Visual Studio 15
Project("{FAE04EC0-301F-11D3-BF4B-00C04F79EFBC}") = "Snake", "Snake\Snake.csproj", "{00EED2C2-CEDF-4400-B366-EC065135DF19}"
EndProject
Global
	GlobalSection(SolutionConfigurationPlatforms) = preSolution
		Debug|Any CPU = Debug|Any CPU
		Release|Any CPU = Release|Any CPU
	EndGlobalSection
	GlobalSection(ProjectConfigurationPlatforms) = postSolution
		{00EED2C2-CEDF-4400-B366-EC065135DF19}.Debug|Any CPU.ActiveCfg = Debug|Any CPU
		{00EED2C2-CEDF-4400-B366-EC065135DF19}.Debug|Any CPU.Build.0 = Debug|Any CPU
		{00EED2C2-CEDF-4400-B366-EC065135DF19}.Release|Any CPU.ActiveCfg = Release|Any CPU
		{00EED2C2-CEDF-4400-B366-EC065135DF19}.Release|Any CPU.Build.0 = Release|Any CPU
	EndGlobalSection
EndGlobal
